
Microsoft Visual Studio Solution File, Format Version 12.00
# Visual Studio Version 17
VisualStudioVersion = 17.9.34714.143
MinimumVisualStudioVersion = 10.0.40219.1
Project("{FAE04EC0-301F-11D3-BF4B-00C04F79EFBC}") = "Methods", "Methods\Methods.csproj", "{5A836239-6384-4ED4-B39E-1909730F1EE0}"
EndProject
Global
	GlobalSection(SolutionConfigurationPlatforms) = preSolution
		Debug|Any CPU = Debug|Any CPU
		Release|Any CPU = Release|Any CPU
	EndGlobalSection
	GlobalSection(ProjectConfigurationPlatforms) = postSolution
		{5A836239-6384-4ED4-B39E-1909730F1EE0}.Debug|Any CPU.ActiveCfg = Debug|Any CPU
		{5A836239-6384-4ED4-B39E-1909730F1EE0}.Debug|Any CPU.Build.0 = Debug|Any CPU
		{5A836239-6384-4ED4-B39E-1909730F1EE0}.Release|Any CPU.ActiveCfg = Release|Any CPU
		{5A836239-6384-4ED4-B39E-1909730F1EE0}.Release|Any CPU.Build.0 = Release|Any CPU
	EndGlobalSection
	GlobalSection(SolutionProperties) = preSolution
		HideSolutionNode = FALSE
	EndGlobalSection
	GlobalSection(ExtensibilityGlobals) = postSolution
		SolutionGuid = {9ED4DEFC-26AF-4264-BAC7-E8FBCBAD9B05}
	EndGlobalSection
EndGlobal
