
Microsoft Visual Studio Solution File, Format Version 12.00
# Visual Studio Version 16
VisualStudioVersion = 16.0.34729.46
MinimumVisualStudioVersion = 10.0.40219.1
Project("{FAE04EC0-301F-11D3-BF4B-00C04F79EFBC}") = "CarInsurance", "CarInsurance\CarInsurance.csproj", "{56BCFB79-12D2-4105-9674-14871E159424}"
EndProject
Global
	GlobalSection(SolutionConfigurationPlatforms) = preSolution
		Debug|Any CPU = Debug|Any CPU
		Release|Any CPU = Release|Any CPU
	EndGlobalSection
	GlobalSection(ProjectConfigurationPlatforms) = postSolution
		{56BCFB79-12D2-4105-9674-14871E159424}.Debug|Any CPU.ActiveCfg = Debug|Any CPU
		{56BCFB79-12D2-4105-9674-14871E159424}.Debug|Any CPU.Build.0 = Debug|Any CPU
		{56BCFB79-12D2-4105-9674-14871E159424}.Release|Any CPU.ActiveCfg = Release|Any CPU
		{56BCFB79-12D2-4105-9674-14871E159424}.Release|Any CPU.Build.0 = Release|Any CPU
	EndGlobalSection
	GlobalSection(SolutionProperties) = preSolution
		HideSolutionNode = FALSE
	EndGlobalSection
	GlobalSection(ExtensibilityGlobals) = postSolution
		SolutionGuid = {7445BD54-AF48-4CB8-9155-974E8099227C}
	EndGlobalSection
EndGlobal
