
Microsoft Visual Studio Solution File, Format Version 12.00
# Visual Studio Version 17
VisualStudioVersion = 17.9.34714.143
MinimumVisualStudioVersion = 10.0.40219.1
Project("{FAE04EC0-301F-11D3-BF4B-00C04F79EFBC}") = "DateTime", "DateTime\DateTime.csproj", "{D8BA1973-6DED-4791-8319-A11EE147B3CE}"
EndProject
Global
	GlobalSection(SolutionConfigurationPlatforms) = preSolution
		Debug|Any CPU = Debug|Any CPU
		Release|Any CPU = Release|Any CPU
	EndGlobalSection
	GlobalSection(ProjectConfigurationPlatforms) = postSolution
		{D8BA1973-6DED-4791-8319-A11EE147B3CE}.Debug|Any CPU.ActiveCfg = Debug|Any CPU
		{D8BA1973-6DED-4791-8319-A11EE147B3CE}.Debug|Any CPU.Build.0 = Debug|Any CPU
		{D8BA1973-6DED-4791-8319-A11EE147B3CE}.Release|Any CPU.ActiveCfg = Release|Any CPU
		{D8BA1973-6DED-4791-8319-A11EE147B3CE}.Release|Any CPU.Build.0 = Release|Any CPU
	EndGlobalSection
	GlobalSection(SolutionProperties) = preSolution
		HideSolutionNode = FALSE
	EndGlobalSection
	GlobalSection(ExtensibilityGlobals) = postSolution
		SolutionGuid = {99540801-8BF2-41F9-8DB9-4DBF1744C59D}
	EndGlobalSection
EndGlobal
