
Microsoft Visual Studio Solution File, Format Version 12.00
# Visual Studio Version 17
VisualStudioVersion = 17.9.34714.143
MinimumVisualStudioVersion = 10.0.40219.1
Project("{FAE04EC0-301F-11D3-BF4B-00C04F79EFBC}") = "MethodClass", "MethodClass\MethodClass.csproj", "{704135B9-1A17-4758-AF15-E94F47AB1936}"
EndProject
Global
	GlobalSection(SolutionConfigurationPlatforms) = preSolution
		Debug|Any CPU = Debug|Any CPU
		Release|Any CPU = Release|Any CPU
	EndGlobalSection
	GlobalSection(ProjectConfigurationPlatforms) = postSolution
		{704135B9-1A17-4758-AF15-E94F47AB1936}.Debug|Any CPU.ActiveCfg = Debug|Any CPU
		{704135B9-1A17-4758-AF15-E94F47AB1936}.Debug|Any CPU.Build.0 = Debug|Any CPU
		{704135B9-1A17-4758-AF15-E94F47AB1936}.Release|Any CPU.ActiveCfg = Release|Any CPU
		{704135B9-1A17-4758-AF15-E94F47AB1936}.Release|Any CPU.Build.0 = Release|Any CPU
	EndGlobalSection
	GlobalSection(SolutionProperties) = preSolution
		HideSolutionNode = FALSE
	EndGlobalSection
	GlobalSection(ExtensibilityGlobals) = postSolution
		SolutionGuid = {177F5DFE-244D-4E75-BD6F-B26B33A10901}
	EndGlobalSection
EndGlobal
