
Microsoft Visual Studio Solution File, Format Version 12.00
# Visual Studio Version 17
VisualStudioVersion = 17.9.34714.143
MinimumVisualStudioVersion = 10.0.40219.1
Project("{FAE04EC0-301F-11D3-BF4B-00C04F79EFBC}") = "MainMethod", "MainMethod\MainMethod.csproj", "{12FAFD14-44AA-40DF-AAAA-C5613D9C5AC2}"
EndProject
Global
	GlobalSection(SolutionConfigurationPlatforms) = preSolution
		Debug|Any CPU = Debug|Any CPU
		Release|Any CPU = Release|Any CPU
	EndGlobalSection
	GlobalSection(ProjectConfigurationPlatforms) = postSolution
		{12FAFD14-44AA-40DF-AAAA-C5613D9C5AC2}.Debug|Any CPU.ActiveCfg = Debug|Any CPU
		{12FAFD14-44AA-40DF-AAAA-C5613D9C5AC2}.Debug|Any CPU.Build.0 = Debug|Any CPU
		{12FAFD14-44AA-40DF-AAAA-C5613D9C5AC2}.Release|Any CPU.ActiveCfg = Release|Any CPU
		{12FAFD14-44AA-40DF-AAAA-C5613D9C5AC2}.Release|Any CPU.Build.0 = Release|Any CPU
	EndGlobalSection
	GlobalSection(SolutionProperties) = preSolution
		HideSolutionNode = FALSE
	EndGlobalSection
	GlobalSection(ExtensibilityGlobals) = postSolution
		SolutionGuid = {8FDA1A7A-32B6-4D86-9841-B26C4091D6C7}
	EndGlobalSection
EndGlobal
